// !$*UTF8*$!
{
	archiveVersion = 1;
	classes = {
	};
	objectVersion = 56;
	objects = {

/* Begin PBXBuildFile section */
		4A744B632BCB7E0000FFA172 /* AppDelegate.swift in Sources */ = {isa = PBXBuildFile; fileRef = 4A744B622BCB7E0000FFA172 /* AppDelegate.swift */; };
		4A744B652BCB7E0000FFA172 /* SceneDelegate.swift in Sources */ = {isa = PBXBuildFile; fileRef = 4A744B642BCB7E0000FFA172 /* SceneDelegate.swift */; };
		4A744B6C2BCB7E0100FFA172 /* Assets.xcassets in Resources */ = {isa = PBXBuildFile; fileRef = 4A744B6B2BCB7E0100FFA172 /* Assets.xcassets */; };
		4A744B6F2BCB7E0100FFA172 /* LaunchScreen.storyboard in Resources */ = {isa = PBXBuildFile; fileRef = 4A744B6D2BCB7E0100FFA172 /* LaunchScreen.storyboard */; };
		4A744B792BCBA20600FFA172 /* SearchVC.swift in Sources */ = {isa = PBXBuildFile; fileRef = 4A744B782BCBA20600FFA172 /* SearchVC.swift */; };
		4A744B7B2BCBA23E00FFA172 /* FavoritesListVC.swift in Sources */ = {isa = PBXBuildFile; fileRef = 4A744B7A2BCBA23E00FFA172 /* FavoritesListVC.swift */; };
		4A744B7D2BCBAAD800FFA172 /* GFButton.swift in Sources */ = {isa = PBXBuildFile; fileRef = 4A744B7C2BCBAAD800FFA172 /* GFButton.swift */; };
		4A744B7F2BCBADF900FFA172 /* GFTextField.swift in Sources */ = {isa = PBXBuildFile; fileRef = 4A744B7E2BCBADF900FFA172 /* GFTextField.swift */; };
		4A744B832BCBBE8E00FFA172 /* FollowerListVC.swift in Sources */ = {isa = PBXBuildFile; fileRef = 4A744B822BCBBE8E00FFA172 /* FollowerListVC.swift */; };
		4A744B852BCBC41B00FFA172 /* GFTitleLabel.swift in Sources */ = {isa = PBXBuildFile; fileRef = 4A744B842BCBC41B00FFA172 /* GFTitleLabel.swift */; };
		4A744B872BCBC59500FFA172 /* GFBodyLabel.swift in Sources */ = {isa = PBXBuildFile; fileRef = 4A744B862BCBC59500FFA172 /* GFBodyLabel.swift */; };
		4A744B892BCBC80800FFA172 /* GFAlertVC.swift in Sources */ = {isa = PBXBuildFile; fileRef = 4A744B882BCBC80800FFA172 /* GFAlertVC.swift */; };
		4A744B8D2BCBCE2D00FFA172 /* UIViewController+Ext.swift in Sources */ = {isa = PBXBuildFile; fileRef = 4A744B8C2BCBCE2D00FFA172 /* UIViewController+Ext.swift */; };
		4A744B942BCD228A00FFA172 /* Follower.swift in Sources */ = {isa = PBXBuildFile; fileRef = 4A744B932BCD228A00FFA172 /* Follower.swift */; };
		4A744B962BCD235200FFA172 /* User.swift in Sources */ = {isa = PBXBuildFile; fileRef = 4A744B952BCD235200FFA172 /* User.swift */; };
		4A744B992BCD271600FFA172 /* NetworkManager.swift in Sources */ = {isa = PBXBuildFile; fileRef = 4A744B982BCD271600FFA172 /* NetworkManager.swift */; };
		4A744B9F2BCD3F5000FFA172 /* FollowerCell.swift in Sources */ = {isa = PBXBuildFile; fileRef = 4A744B9E2BCD3F5000FFA172 /* FollowerCell.swift */; };
		4A744BA12BCD722300FFA172 /* GFAvatarImageView.swift in Sources */ = {isa = PBXBuildFile; fileRef = 4A744BA02BCD722300FFA172 /* GFAvatarImageView.swift */; };
		4A744BA32BD3BEB800FFA172 /* UIHelper.swift in Sources */ = {isa = PBXBuildFile; fileRef = 4A744BA22BD3BEB800FFA172 /* UIHelper.swift */; };
		4A744BAB2BD3E8B400FFA172 /* GFEmptyStateView.swift in Sources */ = {isa = PBXBuildFile; fileRef = 4A744BAA2BD3E8B400FFA172 /* GFEmptyStateView.swift */; };
		4A744BAD2BD3F30700FFA172 /* UserInfoVC.swift in Sources */ = {isa = PBXBuildFile; fileRef = 4A744BAC2BD3F30700FFA172 /* UserInfoVC.swift */; };
		4A744BAF2BD4050500FFA172 /* GFError.swift in Sources */ = {isa = PBXBuildFile; fileRef = 4A744BAE2BD4050500FFA172 /* GFError.swift */; };
		4A744BB72BD6654500FFA172 /* GFUserInfoHeaderVC.swift in Sources */ = {isa = PBXBuildFile; fileRef = 4A744BB62BD6654500FFA172 /* GFUserInfoHeaderVC.swift */; };
		4A744BB92BD665A400FFA172 /* GFSecondaryTitleLabel.swift in Sources */ = {isa = PBXBuildFile; fileRef = 4A744BB82BD665A400FFA172 /* GFSecondaryTitleLabel.swift */; };
		4A744BBB2BD7BC2B00FFA172 /* Constants.swift in Sources */ = {isa = PBXBuildFile; fileRef = 4A744BBA2BD7BC2B00FFA172 /* Constants.swift */; };
		4A744BBD2BD940CB00FFA172 /* GFItemInfoView.swift in Sources */ = {isa = PBXBuildFile; fileRef = 4A744BBC2BD940CB00FFA172 /* GFItemInfoView.swift */; };
		4A744BBF2BD9462E00FFA172 /* GFItemInfoVC.swift in Sources */ = {isa = PBXBuildFile; fileRef = 4A744BBE2BD9462E00FFA172 /* GFItemInfoVC.swift */; };
		4A744BC12BD94A2C00FFA172 /* GFRepoItemVC.swift in Sources */ = {isa = PBXBuildFile; fileRef = 4A744BC02BD94A2C00FFA172 /* GFRepoItemVC.swift */; };
		4A744BC32BD94BE500FFA172 /* GFFollowerItemVC.swift in Sources */ = {isa = PBXBuildFile; fileRef = 4A744BC22BD94BE500FFA172 /* GFFollowerItemVC.swift */; };
		4A744BC62BDA481600FFA172 /* Date+Ext.swift in Sources */ = {isa = PBXBuildFile; fileRef = 4A744BC52BDA481600FFA172 /* Date+Ext.swift */; };
		4A744BC82BDA484800FFA172 /* String+Ext.swift in Sources */ = {isa = PBXBuildFile; fileRef = 4A744BC72BDA484800FFA172 /* String+Ext.swift */; };
		4A744BCA2BDA693400FFA172 /* PersistenceManager.swift in Sources */ = {isa = PBXBuildFile; fileRef = 4A744BC92BDA693400FFA172 /* PersistenceManager.swift */; };
		4A744BCC2BDA843E00FFA172 /* FavoriteCell.swift in Sources */ = {isa = PBXBuildFile; fileRef = 4A744BCB2BDA843E00FFA172 /* FavoriteCell.swift */; };
		4A744BCF2BE1909600FFA172 /* GFTabBarController.swift in Sources */ = {isa = PBXBuildFile; fileRef = 4A744BCE2BE1909600FFA172 /* GFTabBarController.swift */; };
		4A744BD12BE19AC300FFA172 /* GFAlertContainerView.swift in Sources */ = {isa = PBXBuildFile; fileRef = 4A744BD02BE19AC300FFA172 /* GFAlertContainerView.swift */; };
		4A744BD32BE23DEA00FFA172 /* GFDataLoadingVC.swift in Sources */ = {isa = PBXBuildFile; fileRef = 4A744BD22BE23DEA00FFA172 /* GFDataLoadingVC.swift */; };
		4A744BD52BE2503F00FFA172 /* UIView+Ext.swift in Sources */ = {isa = PBXBuildFile; fileRef = 4A744BD42BE2503F00FFA172 /* UIView+Ext.swift */; };
		4A744BD72BE25BC500FFA172 /* UITableView+Ext.swift in Sources */ = {isa = PBXBuildFile; fileRef = 4A744BD62BE25BC400FFA172 /* UITableView+Ext.swift */; };
/* End PBXBuildFile section */

/* Begin PBXFileReference section */
		4A744B5F2BCB7E0000FFA172 /* GHFollowers.app */ = {isa = PBXFileReference; explicitFileType = wrapper.application; includeInIndex = 0; path = GHFollowers.app; sourceTree = BUILT_PRODUCTS_DIR; };
		4A744B622BCB7E0000FFA172 /* AppDelegate.swift */ = {isa = PBXFileReference; lastKnownFileType = sourcecode.swift; path = AppDelegate.swift; sourceTree = "<group>"; };
		4A744B642BCB7E0000FFA172 /* SceneDelegate.swift */ = {isa = PBXFileReference; lastKnownFileType = sourcecode.swift; path = SceneDelegate.swift; sourceTree = "<group>"; };
		4A744B6B2BCB7E0100FFA172 /* Assets.xcassets */ = {isa = PBXFileReference; lastKnownFileType = folder.assetcatalog; path = Assets.xcassets; sourceTree = "<group>"; };
		4A744B6E2BCB7E0100FFA172 /* Base */ = {isa = PBXFileReference; lastKnownFileType = file.storyboard; name = Base; path = Base.lproj/LaunchScreen.storyboard; sourceTree = "<group>"; };
		4A744B702BCB7E0100FFA172 /* Info.plist */ = {isa = PBXFileReference; lastKnownFileType = text.plist.xml; path = Info.plist; sourceTree = "<group>"; };
		4A744B782BCBA20600FFA172 /* SearchVC.swift */ = {isa = PBXFileReference; lastKnownFileType = sourcecode.swift; path = SearchVC.swift; sourceTree = "<group>"; };
		4A744B7A2BCBA23E00FFA172 /* FavoritesListVC.swift */ = {isa = PBXFileReference; lastKnownFileType = sourcecode.swift; path = FavoritesListVC.swift; sourceTree = "<group>"; };
		4A744B7C2BCBAAD800FFA172 /* GFButton.swift */ = {isa = PBXFileReference; lastKnownFileType = sourcecode.swift; path = GFButton.swift; sourceTree = "<group>"; };
		4A744B7E2BCBADF900FFA172 /* GFTextField.swift */ = {isa = PBXFileReference; lastKnownFileType = sourcecode.swift; path = GFTextField.swift; sourceTree = "<group>"; };
		4A744B822BCBBE8E00FFA172 /* FollowerListVC.swift */ = {isa = PBXFileReference; lastKnownFileType = sourcecode.swift; path = FollowerListVC.swift; sourceTree = "<group>"; };
		4A744B842BCBC41B00FFA172 /* GFTitleLabel.swift */ = {isa = PBXFileReference; lastKnownFileType = sourcecode.swift; path = GFTitleLabel.swift; sourceTree = "<group>"; };
		4A744B862BCBC59500FFA172 /* GFBodyLabel.swift */ = {isa = PBXFileReference; lastKnownFileType = sourcecode.swift; path = GFBodyLabel.swift; sourceTree = "<group>"; };
		4A744B882BCBC80800FFA172 /* GFAlertVC.swift */ = {isa = PBXFileReference; lastKnownFileType = sourcecode.swift; path = GFAlertVC.swift; sourceTree = "<group>"; };
		4A744B8C2BCBCE2D00FFA172 /* UIViewController+Ext.swift */ = {isa = PBXFileReference; lastKnownFileType = sourcecode.swift; path = "UIViewController+Ext.swift"; sourceTree = "<group>"; };
		4A744B932BCD228A00FFA172 /* Follower.swift */ = {isa = PBXFileReference; lastKnownFileType = sourcecode.swift; path = Follower.swift; sourceTree = "<group>"; };
		4A744B952BCD235200FFA172 /* User.swift */ = {isa = PBXFileReference; lastKnownFileType = sourcecode.swift; path = User.swift; sourceTree = "<group>"; };
		4A744B982BCD271600FFA172 /* NetworkManager.swift */ = {isa = PBXFileReference; lastKnownFileType = sourcecode.swift; path = NetworkManager.swift; sourceTree = "<group>"; };
		4A744B9E2BCD3F5000FFA172 /* FollowerCell.swift */ = {isa = PBXFileReference; lastKnownFileType = sourcecode.swift; path = FollowerCell.swift; sourceTree = "<group>"; };
		4A744BA02BCD722300FFA172 /* GFAvatarImageView.swift */ = {isa = PBXFileReference; lastKnownFileType = sourcecode.swift; path = GFAvatarImageView.swift; sourceTree = "<group>"; };
		4A744BA22BD3BEB800FFA172 /* UIHelper.swift */ = {isa = PBXFileReference; lastKnownFileType = sourcecode.swift; path = UIHelper.swift; sourceTree = "<group>"; };
		4A744BAA2BD3E8B400FFA172 /* GFEmptyStateView.swift */ = {isa = PBXFileReference; lastKnownFileType = sourcecode.swift; path = GFEmptyStateView.swift; sourceTree = "<group>"; };
		4A744BAC2BD3F30700FFA172 /* UserInfoVC.swift */ = {isa = PBXFileReference; lastKnownFileType = sourcecode.swift; path = UserInfoVC.swift; sourceTree = "<group>"; };
		4A744BAE2BD4050500FFA172 /* GFError.swift */ = {isa = PBXFileReference; lastKnownFileType = sourcecode.swift; path = GFError.swift; sourceTree = "<group>"; };
		4A744BB62BD6654500FFA172 /* GFUserInfoHeaderVC.swift */ = {isa = PBXFileReference; lastKnownFileType = sourcecode.swift; path = GFUserInfoHeaderVC.swift; sourceTree = "<group>"; };
		4A744BB82BD665A400FFA172 /* GFSecondaryTitleLabel.swift */ = {isa = PBXFileReference; lastKnownFileType = sourcecode.swift; path = GFSecondaryTitleLabel.swift; sourceTree = "<group>"; };
		4A744BBA2BD7BC2B00FFA172 /* Constants.swift */ = {isa = PBXFileReference; lastKnownFileType = sourcecode.swift; path = Constants.swift; sourceTree = "<group>"; };
		4A744BBC2BD940CB00FFA172 /* GFItemInfoView.swift */ = {isa = PBXFileReference; lastKnownFileType = sourcecode.swift; path = GFItemInfoView.swift; sourceTree = "<group>"; };
		4A744BBE2BD9462E00FFA172 /* GFItemInfoVC.swift */ = {isa = PBXFileReference; lastKnownFileType = sourcecode.swift; path = GFItemInfoVC.swift; sourceTree = "<group>"; };
		4A744BC02BD94A2C00FFA172 /* GFRepoItemVC.swift */ = {isa = PBXFileReference; lastKnownFileType = sourcecode.swift; path = GFRepoItemVC.swift; sourceTree = "<group>"; };
		4A744BC22BD94BE500FFA172 /* GFFollowerItemVC.swift */ = {isa = PBXFileReference; lastKnownFileType = sourcecode.swift; path = GFFollowerItemVC.swift; sourceTree = "<group>"; };
		4A744BC52BDA481600FFA172 /* Date+Ext.swift */ = {isa = PBXFileReference; lastKnownFileType = sourcecode.swift; path = "Date+Ext.swift"; sourceTree = "<group>"; };
		4A744BC72BDA484800FFA172 /* String+Ext.swift */ = {isa = PBXFileReference; lastKnownFileType = sourcecode.swift; path = "String+Ext.swift"; sourceTree = "<group>"; };
		4A744BC92BDA693400FFA172 /* PersistenceManager.swift */ = {isa = PBXFileReference; lastKnownFileType = sourcecode.swift; path = PersistenceManager.swift; sourceTree = "<group>"; };
		4A744BCB2BDA843E00FFA172 /* FavoriteCell.swift */ = {isa = PBXFileReference; lastKnownFileType = sourcecode.swift; path = FavoriteCell.swift; sourceTree = "<group>"; };
		4A744BCE2BE1909600FFA172 /* GFTabBarController.swift */ = {isa = PBXFileReference; lastKnownFileType = sourcecode.swift; path = GFTabBarController.swift; sourceTree = "<group>"; };
		4A744BD02BE19AC300FFA172 /* GFAlertContainerView.swift */ = {isa = PBXFileReference; lastKnownFileType = sourcecode.swift; path = GFAlertContainerView.swift; sourceTree = "<group>"; };
		4A744BD22BE23DEA00FFA172 /* GFDataLoadingVC.swift */ = {isa = PBXFileReference; lastKnownFileType = sourcecode.swift; path = GFDataLoadingVC.swift; sourceTree = "<group>"; };
		4A744BD42BE2503F00FFA172 /* UIView+Ext.swift */ = {isa = PBXFileReference; lastKnownFileType = sourcecode.swift; path = "UIView+Ext.swift"; sourceTree = "<group>"; };
		4A744BD62BE25BC400FFA172 /* UITableView+Ext.swift */ = {isa = PBXFileReference; lastKnownFileType = sourcecode.swift; path = "UITableView+Ext.swift"; sourceTree = "<group>"; };
/* End PBXFileReference section */

/* Begin PBXFrameworksBuildPhase section */
		4A744B5C2BCB7E0000FFA172 /* Frameworks */ = {
			isa = PBXFrameworksBuildPhase;
			buildActionMask = 2147483647;
			files = (
			);
			runOnlyForDeploymentPostprocessing = 0;
		};
/* End PBXFrameworksBuildPhase section */

/* Begin PBXGroup section */
		4A744B562BCB7E0000FFA172 = {
			isa = PBXGroup;
			children = (
				4A744B612BCB7E0000FFA172 /* GHFollowers */,
				4A744B602BCB7E0000FFA172 /* Products */,
			);
			sourceTree = "<group>";
		};
		4A744B602BCB7E0000FFA172 /* Products */ = {
			isa = PBXGroup;
			children = (
				4A744B5F2BCB7E0000FFA172 /* GHFollowers.app */,
			);
			name = Products;
			sourceTree = "<group>";
		};
		4A744B612BCB7E0000FFA172 /* GHFollowers */ = {
			isa = PBXGroup;
			children = (
				4A744B9A2BCD39C700FFA172 /* Utilities */,
				4A744B972BCD26FD00FFA172 /* Managers */,
				4A744B922BCD226B00FFA172 /* Model */,
				4A744B902BCBD13300FFA172 /* Extensions */,
				4A744B8F2BCBD0FE00FFA172 /* Custom Views */,
				4A744B8E2BCBD0B500FFA172 /* Screens */,
				4A744B912BCBD18B00FFA172 /* Support */,
				4A744B6B2BCB7E0100FFA172 /* Assets.xcassets */,
				4A744B6D2BCB7E0100FFA172 /* LaunchScreen.storyboard */,
				4A744B702BCB7E0100FFA172 /* Info.plist */,
			);
			path = GHFollowers;
			sourceTree = "<group>";
		};
		4A744B8E2BCBD0B500FFA172 /* Screens */ = {
			isa = PBXGroup;
			children = (
				4A744B782BCBA20600FFA172 /* SearchVC.swift */,
				4A744B822BCBBE8E00FFA172 /* FollowerListVC.swift */,
				4A744B7A2BCBA23E00FFA172 /* FavoritesListVC.swift */,
				4A744BAC2BD3F30700FFA172 /* UserInfoVC.swift */,
			);
			path = Screens;
			sourceTree = "<group>";
		};
		4A744B8F2BCBD0FE00FFA172 /* Custom Views */ = {
			isa = PBXGroup;
			children = (
				4A744BCD2BE1906400FFA172 /* TabBarControllers */,
				4A744BA92BD3E81D00FFA172 /* Buttons */,
				4A744BA82BD3E80900FFA172 /* Labels */,
				4A744BA72BD3E7FF00FFA172 /* ViewControllers */,
				4A744BA62BD3E7F100FFA172 /* Imageviews */,
				4A744BA52BD3E7E000FFA172 /* TextFields */,
				4A744BA42BD3E7D300FFA172 /* Views */,
				4A744B9D2BCD3F0800FFA172 /* Cells */,
			);
			path = "Custom Views";
			sourceTree = "<group>";
		};
		4A744B902BCBD13300FFA172 /* Extensions */ = {
			isa = PBXGroup;
			children = (
				4A744B8C2BCBCE2D00FFA172 /* UIViewController+Ext.swift */,
				4A744BC52BDA481600FFA172 /* Date+Ext.swift */,
				4A744BC72BDA484800FFA172 /* String+Ext.swift */,
				4A744BD42BE2503F00FFA172 /* UIView+Ext.swift */,
				4A744BD62BE25BC400FFA172 /* UITableView+Ext.swift */,
			);
			path = Extensions;
			sourceTree = "<group>";
		};
		4A744B912BCBD18B00FFA172 /* Support */ = {
			isa = PBXGroup;
			children = (
				4A744B642BCB7E0000FFA172 /* SceneDelegate.swift */,
				4A744B622BCB7E0000FFA172 /* AppDelegate.swift */,
			);
			path = Support;
			sourceTree = "<group>";
		};
		4A744B922BCD226B00FFA172 /* Model */ = {
			isa = PBXGroup;
			children = (
				4A744B932BCD228A00FFA172 /* Follower.swift */,
				4A744B952BCD235200FFA172 /* User.swift */,
			);
			path = Model;
			sourceTree = "<group>";
		};
		4A744B972BCD26FD00FFA172 /* Managers */ = {
			isa = PBXGroup;
			children = (
				4A744B982BCD271600FFA172 /* NetworkManager.swift */,
				4A744BC92BDA693400FFA172 /* PersistenceManager.swift */,
			);
			path = Managers;
			sourceTree = "<group>";
		};
		4A744B9A2BCD39C700FFA172 /* Utilities */ = {
			isa = PBXGroup;
			children = (
				4A744BA22BD3BEB800FFA172 /* UIHelper.swift */,
				4A744BAE2BD4050500FFA172 /* GFError.swift */,
				4A744BBA2BD7BC2B00FFA172 /* Constants.swift */,
			);
			path = Utilities;
			sourceTree = "<group>";
		};
		4A744B9D2BCD3F0800FFA172 /* Cells */ = {
			isa = PBXGroup;
			children = (
				4A744B9E2BCD3F5000FFA172 /* FollowerCell.swift */,
				4A744BCB2BDA843E00FFA172 /* FavoriteCell.swift */,
			);
			path = Cells;
			sourceTree = "<group>";
		};
		4A744BA42BD3E7D300FFA172 /* Views */ = {
			isa = PBXGroup;
			children = (
				4A744BAA2BD3E8B400FFA172 /* GFEmptyStateView.swift */,
				4A744BBC2BD940CB00FFA172 /* GFItemInfoView.swift */,
				4A744BD02BE19AC300FFA172 /* GFAlertContainerView.swift */,
			);
			path = Views;
			sourceTree = "<group>";
		};
		4A744BA52BD3E7E000FFA172 /* TextFields */ = {
			isa = PBXGroup;
			children = (
				4A744B7E2BCBADF900FFA172 /* GFTextField.swift */,
			);
			path = TextFields;
			sourceTree = "<group>";
		};
		4A744BA62BD3E7F100FFA172 /* Imageviews */ = {
			isa = PBXGroup;
			children = (
				4A744BA02BCD722300FFA172 /* GFAvatarImageView.swift */,
			);
			path = Imageviews;
			sourceTree = "<group>";
		};
		4A744BA72BD3E7FF00FFA172 /* ViewControllers */ = {
			isa = PBXGroup;
			children = (
				4A744BC42BD94C2E00FFA172 /* ItemInfoVCs */,
				4A744B882BCBC80800FFA172 /* GFAlertVC.swift */,
				4A744BB62BD6654500FFA172 /* GFUserInfoHeaderVC.swift */,
				4A744BD22BE23DEA00FFA172 /* GFDataLoadingVC.swift */,
			);
			path = ViewControllers;
			sourceTree = "<group>";
		};
		4A744BA82BD3E80900FFA172 /* Labels */ = {
			isa = PBXGroup;
			children = (
				4A744B842BCBC41B00FFA172 /* GFTitleLabel.swift */,
				4A744B862BCBC59500FFA172 /* GFBodyLabel.swift */,
				4A744BB82BD665A400FFA172 /* GFSecondaryTitleLabel.swift */,
			);
			path = Labels;
			sourceTree = "<group>";
		};
		4A744BA92BD3E81D00FFA172 /* Buttons */ = {
			isa = PBXGroup;
			children = (
				4A744B7C2BCBAAD800FFA172 /* GFButton.swift */,
			);
			path = Buttons;
			sourceTree = "<group>";
		};
		4A744BC42BD94C2E00FFA172 /* ItemInfoVCs */ = {
			isa = PBXGroup;
			children = (
				4A744BBE2BD9462E00FFA172 /* GFItemInfoVC.swift */,
				4A744BC02BD94A2C00FFA172 /* GFRepoItemVC.swift */,
				4A744BC22BD94BE500FFA172 /* GFFollowerItemVC.swift */,
			);
			path = ItemInfoVCs;
			sourceTree = "<group>";
		};
		4A744BCD2BE1906400FFA172 /* TabBarControllers */ = {
			isa = PBXGroup;
			children = (
				4A744BCE2BE1909600FFA172 /* GFTabBarController.swift */,
			);
			path = TabBarControllers;
			sourceTree = "<group>";
		};
/* End PBXGroup section */

/* Begin PBXNativeTarget section */
		4A744B5E2BCB7E0000FFA172 /* GHFollowers */ = {
			isa = PBXNativeTarget;
			buildConfigurationList = 4A744B732BCB7E0100FFA172 /* Build configuration list for PBXNativeTarget "GHFollowers" */;
			buildPhases = (
				4A744B5B2BCB7E0000FFA172 /* Sources */,
				4A744B5C2BCB7E0000FFA172 /* Frameworks */,
				4A744B5D2BCB7E0000FFA172 /* Resources */,
			);
			buildRules = (
			);
			dependencies = (
			);
			name = GHFollowers;
			productName = GHFollowers;
			productReference = 4A744B5F2BCB7E0000FFA172 /* GHFollowers.app */;
			productType = "com.apple.product-type.application";
		};
/* End PBXNativeTarget section */

/* Begin PBXProject section */
		4A744B572BCB7E0000FFA172 /* Project object */ = {
			isa = PBXProject;
			attributes = {
				BuildIndependentTargetsInParallel = 1;
				LastSwiftUpdateCheck = 1520;
				LastUpgradeCheck = 1520;
				TargetAttributes = {
					4A744B5E2BCB7E0000FFA172 = {
						CreatedOnToolsVersion = 15.2;
					};
				};
			};
			buildConfigurationList = 4A744B5A2BCB7E0000FFA172 /* Build configuration list for PBXProject "GHFollowers" */;
			compatibilityVersion = "Xcode 14.0";
			developmentRegion = en;
			hasScannedForEncodings = 0;
			knownRegions = (
				en,
				Base,
			);
			mainGroup = 4A744B562BCB7E0000FFA172;
			productRefGroup = 4A744B602BCB7E0000FFA172 /* Products */;
			projectDirPath = "";
			projectRoot = "";
			targets = (
				4A744B5E2BCB7E0000FFA172 /* GHFollowers */,
			);
		};
/* End PBXProject section */

/* Begin PBXResourcesBuildPhase section */
		4A744B5D2BCB7E0000FFA172 /* Resources */ = {
			isa = PBXResourcesBuildPhase;
			buildActionMask = 2147483647;
			files = (
				4A744B6F2BCB7E0100FFA172 /* LaunchScreen.storyboard in Resources */,
				4A744B6C2BCB7E0100FFA172 /* Assets.xcassets in Resources */,
			);
			runOnlyForDeploymentPostprocessing = 0;
		};
/* End PBXResourcesBuildPhase section */

/* Begin PBXSourcesBuildPhase section */
		4A744B5B2BCB7E0000FFA172 /* Sources */ = {
			isa = PBXSourcesBuildPhase;
			buildActionMask = 2147483647;
			files = (
				4A744B962BCD235200FFA172 /* User.swift in Sources */,
				4A744B7F2BCBADF900FFA172 /* GFTextField.swift in Sources */,
				4A744B852BCBC41B00FFA172 /* GFTitleLabel.swift in Sources */,
				4A744BC82BDA484800FFA172 /* String+Ext.swift in Sources */,
				4A744B7B2BCBA23E00FFA172 /* FavoritesListVC.swift in Sources */,
				4A744B8D2BCBCE2D00FFA172 /* UIViewController+Ext.swift in Sources */,
				4A744BD32BE23DEA00FFA172 /* GFDataLoadingVC.swift in Sources */,
				4A744BA32BD3BEB800FFA172 /* UIHelper.swift in Sources */,
				4A744BBF2BD9462E00FFA172 /* GFItemInfoVC.swift in Sources */,
				4A744BBB2BD7BC2B00FFA172 /* Constants.swift in Sources */,
				4A744BA12BCD722300FFA172 /* GFAvatarImageView.swift in Sources */,
				4A744B7D2BCBAAD800FFA172 /* GFButton.swift in Sources */,
				4A744BAF2BD4050500FFA172 /* GFError.swift in Sources */,
				4A744BC32BD94BE500FFA172 /* GFFollowerItemVC.swift in Sources */,
				4A744BBD2BD940CB00FFA172 /* GFItemInfoView.swift in Sources */,
				4A744BCC2BDA843E00FFA172 /* FavoriteCell.swift in Sources */,
				4A744B892BCBC80800FFA172 /* GFAlertVC.swift in Sources */,
				4A744BCF2BE1909600FFA172 /* GFTabBarController.swift in Sources */,
				4A744B9F2BCD3F5000FFA172 /* FollowerCell.swift in Sources */,
				4A744BB72BD6654500FFA172 /* GFUserInfoHeaderVC.swift in Sources */,
				4A744B872BCBC59500FFA172 /* GFBodyLabel.swift in Sources */,
				4A744BD72BE25BC500FFA172 /* UITableView+Ext.swift in Sources */,
				4A744B942BCD228A00FFA172 /* Follower.swift in Sources */,
				4A744BD12BE19AC300FFA172 /* GFAlertContainerView.swift in Sources */,
				4A744B792BCBA20600FFA172 /* SearchVC.swift in Sources */,
				4A744BC62BDA481600FFA172 /* Date+Ext.swift in Sources */,
				4A744BCA2BDA693400FFA172 /* PersistenceManager.swift in Sources */,
				4A744BB92BD665A400FFA172 /* GFSecondaryTitleLabel.swift in Sources */,
				4A744BAB2BD3E8B400FFA172 /* GFEmptyStateView.swift in Sources */,
				4A744B992BCD271600FFA172 /* NetworkManager.swift in Sources */,
				4A744B832BCBBE8E00FFA172 /* FollowerListVC.swift in Sources */,
				4A744B632BCB7E0000FFA172 /* AppDelegate.swift in Sources */,
				4A744B652BCB7E0000FFA172 /* SceneDelegate.swift in Sources */,
				4A744BD52BE2503F00FFA172 /* UIView+Ext.swift in Sources */,
				4A744BC12BD94A2C00FFA172 /* GFRepoItemVC.swift in Sources */,
				4A744BAD2BD3F30700FFA172 /* UserInfoVC.swift in Sources */,
			);
			runOnlyForDeploymentPostprocessing = 0;
		};
/* End PBXSourcesBuildPhase section */

/* Begin PBXVariantGroup section */
		4A744B6D2BCB7E0100FFA172 /* LaunchScreen.storyboard */ = {
			isa = PBXVariantGroup;
			children = (
				4A744B6E2BCB7E0100FFA172 /* Base */,
			);
			name = LaunchScreen.storyboard;
			sourceTree = "<group>";
		};
/* End PBXVariantGroup section */

/* Begin XCBuildConfiguration section */
		4A744B712BCB7E0100FFA172 /* Debug */ = {
			isa = XCBuildConfiguration;
			buildSettings = {
				ALWAYS_SEARCH_USER_PATHS = NO;
				ASSETCATALOG_COMPILER_GENERATE_SWIFT_ASSET_SYMBOL_EXTENSIONS = YES;
				CLANG_ANALYZER_NONNULL = YES;
				CLANG_ANALYZER_NUMBER_OBJECT_CONVERSION = YES_AGGRESSIVE;
				CLANG_CXX_LANGUAGE_STANDARD = "gnu++20";
				CLANG_ENABLE_MODULES = YES;
				CLANG_ENABLE_OBJC_ARC = YES;
				CLANG_ENABLE_OBJC_WEAK = YES;
				CLANG_WARN_BLOCK_CAPTURE_AUTORELEASING = YES;
				CLANG_WARN_BOOL_CONVERSION = YES;
				CLANG_WARN_COMMA = YES;
				CLANG_WARN_CONSTANT_CONVERSION = YES;
				CLANG_WARN_DEPRECATED_OBJC_IMPLEMENTATIONS = YES;
				CLANG_WARN_DIRECT_OBJC_ISA_USAGE = YES_ERROR;
				CLANG_WARN_DOCUMENTATION_COMMENTS = YES;
				CLANG_WARN_EMPTY_BODY = YES;
				CLANG_WARN_ENUM_CONVERSION = YES;
				CLANG_WARN_INFINITE_RECURSION = YES;
				CLANG_WARN_INT_CONVERSION = YES;
				CLANG_WARN_NON_LITERAL_NULL_CONVERSION = YES;
				CLANG_WARN_OBJC_IMPLICIT_RETAIN_SELF = YES;
				CLANG_WARN_OBJC_LITERAL_CONVERSION = YES;
				CLANG_WARN_OBJC_ROOT_CLASS = YES_ERROR;
				CLANG_WARN_QUOTED_INCLUDE_IN_FRAMEWORK_HEADER = YES;
				CLANG_WARN_RANGE_LOOP_ANALYSIS = YES;
				CLANG_WARN_STRICT_PROTOTYPES = YES;
				CLANG_WARN_SUSPICIOUS_MOVE = YES;
				CLANG_WARN_UNGUARDED_AVAILABILITY = YES_AGGRESSIVE;
				CLANG_WARN_UNREACHABLE_CODE = YES;
				CLANG_WARN__DUPLICATE_METHOD_MATCH = YES;
				COPY_PHASE_STRIP = NO;
				DEBUG_INFORMATION_FORMAT = dwarf;
				ENABLE_STRICT_OBJC_MSGSEND = YES;
				ENABLE_TESTABILITY = YES;
				ENABLE_USER_SCRIPT_SANDBOXING = YES;
				GCC_C_LANGUAGE_STANDARD = gnu17;
				GCC_DYNAMIC_NO_PIC = NO;
				GCC_NO_COMMON_BLOCKS = YES;
				GCC_OPTIMIZATION_LEVEL = 0;
				GCC_PREPROCESSOR_DEFINITIONS = (
					"DEBUG=1",
					"$(inherited)",
				);
				GCC_WARN_64_TO_32_BIT_CONVERSION = YES;
				GCC_WARN_ABOUT_RETURN_TYPE = YES_ERROR;
				GCC_WARN_UNDECLARED_SELECTOR = YES;
				GCC_WARN_UNINITIALIZED_AUTOS = YES_AGGRESSIVE;
				GCC_WARN_UNUSED_FUNCTION = YES;
				GCC_WARN_UNUSED_VARIABLE = YES;
				IPHONEOS_DEPLOYMENT_TARGET = 17.2;
				LOCALIZATION_PREFERS_STRING_CATALOGS = YES;
				MTL_ENABLE_DEBUG_INFO = INCLUDE_SOURCE;
				MTL_FAST_MATH = YES;
				ONLY_ACTIVE_ARCH = YES;
				SDKROOT = iphoneos;
				SWIFT_ACTIVE_COMPILATION_CONDITIONS = "DEBUG $(inherited)";
				SWIFT_OPTIMIZATION_LEVEL = "-Onone";
			};
			name = Debug;
		};
		4A744B722BCB7E0100FFA172 /* Release */ = {
			isa = XCBuildConfiguration;
			buildSettings = {
				ALWAYS_SEARCH_USER_PATHS = NO;
				ASSETCATALOG_COMPILER_GENERATE_SWIFT_ASSET_SYMBOL_EXTENSIONS = YES;
				CLANG_ANALYZER_NONNULL = YES;
				CLANG_ANALYZER_NUMBER_OBJECT_CONVERSION = YES_AGGRESSIVE;
				CLANG_CXX_LANGUAGE_STANDARD = "gnu++20";
				CLANG_ENABLE_MODULES = YES;
				CLANG_ENABLE_OBJC_ARC = YES;
				CLANG_ENABLE_OBJC_WEAK = YES;
				CLANG_WARN_BLOCK_CAPTURE_AUTORELEASING = YES;
				CLANG_WARN_BOOL_CONVERSION = YES;
				CLANG_WARN_COMMA = YES;
				CLANG_WARN_CONSTANT_CONVERSION = YES;
				CLANG_WARN_DEPRECATED_OBJC_IMPLEMENTATIONS = YES;
				CLANG_WARN_DIRECT_OBJC_ISA_USAGE = YES_ERROR;
				CLANG_WARN_DOCUMENTATION_COMMENTS = YES;
				CLANG_WARN_EMPTY_BODY = YES;
				CLANG_WARN_ENUM_CONVERSION = YES;
				CLANG_WARN_INFINITE_RECURSION = YES;
				CLANG_WARN_INT_CONVERSION = YES;
				CLANG_WARN_NON_LITERAL_NULL_CONVERSION = YES;
				CLANG_WARN_OBJC_IMPLICIT_RETAIN_SELF = YES;
				CLANG_WARN_OBJC_LITERAL_CONVERSION = YES;
				CLANG_WARN_OBJC_ROOT_CLASS = YES_ERROR;
				CLANG_WARN_QUOTED_INCLUDE_IN_FRAMEWORK_HEADER = YES;
				CLANG_WARN_RANGE_LOOP_ANALYSIS = YES;
				CLANG_WARN_STRICT_PROTOTYPES = YES;
				CLANG_WARN_SUSPICIOUS_MOVE = YES;
				CLANG_WARN_UNGUARDED_AVAILABILITY = YES_AGGRESSIVE;
				CLANG_WARN_UNREACHABLE_CODE = YES;
				CLANG_WARN__DUPLICATE_METHOD_MATCH = YES;
				COPY_PHASE_STRIP = NO;
				DEBUG_INFORMATION_FORMAT = "dwarf-with-dsym";
				ENABLE_NS_ASSERTIONS = NO;
				ENABLE_STRICT_OBJC_MSGSEND = YES;
				ENABLE_USER_SCRIPT_SANDBOXING = YES;
				GCC_C_LANGUAGE_STANDARD = gnu17;
				GCC_NO_COMMON_BLOCKS = YES;
				GCC_WARN_64_TO_32_BIT_CONVERSION = YES;
				GCC_WARN_ABOUT_RETURN_TYPE = YES_ERROR;
				GCC_WARN_UNDECLARED_SELECTOR = YES;
				GCC_WARN_UNINITIALIZED_AUTOS = YES_AGGRESSIVE;
				GCC_WARN_UNUSED_FUNCTION = YES;
				GCC_WARN_UNUSED_VARIABLE = YES;
				IPHONEOS_DEPLOYMENT_TARGET = 17.2;
				LOCALIZATION_PREFERS_STRING_CATALOGS = YES;
				MTL_ENABLE_DEBUG_INFO = NO;
				MTL_FAST_MATH = YES;
				SDKROOT = iphoneos;
				SWIFT_COMPILATION_MODE = wholemodule;
				VALIDATE_PRODUCT = YES;
			};
			name = Release;
		};
		4A744B742BCB7E0100FFA172 /* Debug */ = {
			isa = XCBuildConfiguration;
			buildSettings = {
				ASSETCATALOG_COMPILER_APPICON_NAME = AppIcon;
				ASSETCATALOG_COMPILER_GLOBAL_ACCENT_COLOR_NAME = AccentColor;
				CODE_SIGN_STYLE = Automatic;
				CURRENT_PROJECT_VERSION = 1;
				DEVELOPMENT_TEAM = 8ULB4MFK6Y;
				GENERATE_INFOPLIST_FILE = YES;
				INFOPLIST_FILE = GHFollowers/Info.plist;
				INFOPLIST_KEY_UIApplicationSupportsIndirectInputEvents = YES;
				INFOPLIST_KEY_UILaunchStoryboardName = LaunchScreen;
				INFOPLIST_KEY_UISupportedInterfaceOrientations = UIInterfaceOrientationPortrait;
				INFOPLIST_KEY_UISupportedInterfaceOrientations_iPad = "UIInterfaceOrientationLandscapeLeft UIInterfaceOrientationLandscapeRight UIInterfaceOrientationPortrait UIInterfaceOrientationPortraitUpsideDown";
				IPHONEOS_DEPLOYMENT_TARGET = 13.0;
				LD_RUNPATH_SEARCH_PATHS = (
					"$(inherited)",
					"@executable_path/Frameworks",
				);
				MARKETING_VERSION = 1.0;
				PRODUCT_BUNDLE_IDENTIFIER = com.raghav6801.GHFollowers;
				PRODUCT_NAME = "$(TARGET_NAME)";
				SUPPORTED_PLATFORMS = "iphoneos iphonesimulator";
				SUPPORTS_MACCATALYST = NO;
				SUPPORTS_MAC_DESIGNED_FOR_IPHONE_IPAD = NO;
				SUPPORTS_XR_DESIGNED_FOR_IPHONE_IPAD = NO;
				SWIFT_EMIT_LOC_STRINGS = YES;
				SWIFT_VERSION = 5.0;
				TARGETED_DEVICE_FAMILY = 1;
			};
			name = Debug;
		};
		4A744B752BCB7E0100FFA172 /* Release */ = {
			isa = XCBuildConfiguration;
			buildSettings = {
				ASSETCATALOG_COMPILER_APPICON_NAME = AppIcon;
				ASSETCATALOG_COMPILER_GLOBAL_ACCENT_COLOR_NAME = AccentColor;
				CODE_SIGN_STYLE = Automatic;
				CURRENT_PROJECT_VERSION = 1;
				DEVELOPMENT_TEAM = 8ULB4MFK6Y;
				GENERATE_INFOPLIST_FILE = YES;
				INFOPLIST_FILE = GHFollowers/Info.plist;
				INFOPLIST_KEY_UIApplicationSupportsIndirectInputEvents = YES;
				INFOPLIST_KEY_UILaunchStoryboardName = LaunchScreen;
				INFOPLIST_KEY_UISupportedInterfaceOrientations = UIInterfaceOrientationPortrait;
				INFOPLIST_KEY_UISupportedInterfaceOrientations_iPad = "UIInterfaceOrientationLandscapeLeft UIInterfaceOrientationLandscapeRight UIInterfaceOrientationPortrait UIInterfaceOrientationPortraitUpsideDown";
				IPHONEOS_DEPLOYMENT_TARGET = 13.0;
				LD_RUNPATH_SEARCH_PATHS = (
					"$(inherited)",
					"@executable_path/Frameworks",
				);
				MARKETING_VERSION = 1.0;
				PRODUCT_BUNDLE_IDENTIFIER = com.raghav6801.GHFollowers;
				PRODUCT_NAME = "$(TARGET_NAME)";
				SUPPORTED_PLATFORMS = "iphoneos iphonesimulator";
				SUPPORTS_MACCATALYST = NO;
				SUPPORTS_MAC_DESIGNED_FOR_IPHONE_IPAD = NO;
				SUPPORTS_XR_DESIGNED_FOR_IPHONE_IPAD = NO;
				SWIFT_EMIT_LOC_STRINGS = YES;
				SWIFT_VERSION = 5.0;
				TARGETED_DEVICE_FAMILY = 1;
			};
			name = Release;
		};
/* End XCBuildConfiguration section */

/* Begin XCConfigurationList section */
		4A744B5A2BCB7E0000FFA172 /* Build configuration list for PBXProject "GHFollowers" */ = {
			isa = XCConfigurationList;
			buildConfigurations = (
				4A744B712BCB7E0100FFA172 /* Debug */,
				4A744B722BCB7E0100FFA172 /* Release */,
			);
			defaultConfigurationIsVisible = 0;
			defaultConfigurationName = Release;
		};
		4A744B732BCB7E0100FFA172 /* Build configuration list for PBXNativeTarget "GHFollowers" */ = {
			isa = XCConfigurationList;
			buildConfigurations = (
				4A744B742BCB7E0100FFA172 /* Debug */,
				4A744B752BCB7E0100FFA172 /* Release */,
			);
			defaultConfigurationIsVisible = 0;
			defaultConfigurationName = Release;
		};
/* End XCConfigurationList section */
	};
	rootObject = 4A744B572BCB7E0000FFA172 /* Project object */;
}
